// !$*UTF8*$!
{
	archiveVersion = 1;
	classes = {
	};
	objectVersion = 56;
	objects = {

/* Begin PBXBuildFile section */
		DF313D3129DAAE810055BBEB /* Spot.swift in Sources */ = {isa = PBXBuildFile; fileRef = DF313D3029DAAE810055BBEB /* Spot.swift */; };
		DF313D3329DAB0140055BBEB /* SpotDetailView.swift in Sources */ = {isa = PBXBuildFile; fileRef = DF313D3229DAB0140055BBEB /* SpotDetailView.swift */; };
		DF313D3529DAB64A0055BBEB /* SpotViewModel.swift in Sources */ = {isa = PBXBuildFile; fileRef = DF313D3429DAB64A0055BBEB /* SpotViewModel.swift */; };
		DF40743C29DA999700700AD9 /* ListView.swift in Sources */ = {isa = PBXBuildFile; fileRef = DF40743B29DA999700700AD9 /* ListView.swift */; };
		DFB8747E29DA1DAD005E996D /* SnacktacularApp.swift in Sources */ = {isa = PBXBuildFile; fileRef = DFB8747D29DA1DAD005E996D /* SnacktacularApp.swift */; };
		DFB8748029DA1DAD005E996D /* LoginView.swift in Sources */ = {isa = PBXBuildFile; fileRef = DFB8747F29DA1DAD005E996D /* LoginView.swift */; };
		DFB8748229DA1DAF005E996D /* Assets.xcassets in Resources */ = {isa = PBXBuildFile; fileRef = DFB8748129DA1DAF005E996D /* Assets.xcassets */; };
		DFB8748529DA1DAF005E996D /* Preview Assets.xcassets in Resources */ = {isa = PBXBuildFile; fileRef = DFB8748429DA1DAF005E996D /* Preview Assets.xcassets */; };
		DFB8748E29DA1EF1005E996D /* FirebaseAuth in Frameworks */ = {isa = PBXBuildFile; productRef = DFB8748D29DA1EF1005E996D /* FirebaseAuth */; };
		DFB8749029DA1EF1005E996D /* FirebaseFirestore in Frameworks */ = {isa = PBXBuildFile; productRef = DFB8748F29DA1EF1005E996D /* FirebaseFirestore */; };
		DFB8749229DA1EF1005E996D /* FirebaseFirestoreSwift in Frameworks */ = {isa = PBXBuildFile; productRef = DFB8749129DA1EF1005E996D /* FirebaseFirestoreSwift */; };
		DFB8749429DA1EF1005E996D /* FirebaseStorage in Frameworks */ = {isa = PBXBuildFile; productRef = DFB8749329DA1EF1005E996D /* FirebaseStorage */; };
		DFB8749629DA21C8005E996D /* GoogleService-Info.plist in Resources */ = {isa = PBXBuildFile; fileRef = DFB8749529DA21C8005E996D /* GoogleService-Info.plist */; };
/* End PBXBuildFile section */

/* Begin PBXFileReference section */
		DF313D3029DAAE810055BBEB /* Spot.swift */ = {isa = PBXFileReference; lastKnownFileType = sourcecode.swift; path = Spot.swift; sourceTree = "<group>"; };
		DF313D3229DAB0140055BBEB /* SpotDetailView.swift */ = {isa = PBXFileReference; lastKnownFileType = sourcecode.swift; path = SpotDetailView.swift; sourceTree = "<group>"; };
		DF313D3429DAB64A0055BBEB /* SpotViewModel.swift */ = {isa = PBXFileReference; lastKnownFileType = sourcecode.swift; path = SpotViewModel.swift; sourceTree = "<group>"; };
		DF40743B29DA999700700AD9 /* ListView.swift */ = {isa = PBXFileReference; lastKnownFileType = sourcecode.swift; path = ListView.swift; sourceTree = "<group>"; };
		DFB8747A29DA1DAD005E996D /* Snacktacular.app */ = {isa = PBXFileReference; explicitFileType = wrapper.application; includeInIndex = 0; path = Snacktacular.app; sourceTree = BUILT_PRODUCTS_DIR; };
		DFB8747D29DA1DAD005E996D /* SnacktacularApp.swift */ = {isa = PBXFileReference; lastKnownFileType = sourcecode.swift; path = SnacktacularApp.swift; sourceTree = "<group>"; };
		DFB8747F29DA1DAD005E996D /* LoginView.swift */ = {isa = PBXFileReference; lastKnownFileType = sourcecode.swift; path = LoginView.swift; sourceTree = "<group>"; };
		DFB8748129DA1DAF005E996D /* Assets.xcassets */ = {isa = PBXFileReference; lastKnownFileType = folder.assetcatalog; path = Assets.xcassets; sourceTree = "<group>"; };
		DFB8748429DA1DAF005E996D /* Preview Assets.xcassets */ = {isa = PBXFileReference; lastKnownFileType = folder.assetcatalog; path = "Preview Assets.xcassets"; sourceTree = "<group>"; };
		DFB8748B29DA1DE6005E996D /* Info.plist */ = {isa = PBXFileReference; lastKnownFileType = text.plist; path = Info.plist; sourceTree = "<group>"; };
		DFB8749529DA21C8005E996D /* GoogleService-Info.plist */ = {isa = PBXFileReference; fileEncoding = 4; lastKnownFileType = text.plist.xml; path = "GoogleService-Info.plist"; sourceTree = "<group>"; };
/* End PBXFileReference section */

/* Begin PBXFrameworksBuildPhase section */
		DFB8747729DA1DAD005E996D /* Frameworks */ = {
			isa = PBXFrameworksBuildPhase;
			buildActionMask = 2147483647;
			files = (
				DFB8748E29DA1EF1005E996D /* FirebaseAuth in Frameworks */,
				DFB8749429DA1EF1005E996D /* FirebaseStorage in Frameworks */,
				DFB8749029DA1EF1005E996D /* FirebaseFirestore in Frameworks */,
				DFB8749229DA1EF1005E996D /* FirebaseFirestoreSwift in Frameworks */,
			);
			runOnlyForDeploymentPostprocessing = 0;
		};
/* End PBXFrameworksBuildPhase section */

/* Begin PBXGroup section */
		DFB8747129DA1DAD005E996D = {
			isa = PBXGroup;
			children = (
				DFB8747C29DA1DAD005E996D /* Snacktacular */,
				DFB8747B29DA1DAD005E996D /* Products */,
			);
			sourceTree = "<group>";
		};
		DFB8747B29DA1DAD005E996D /* Products */ = {
			isa = PBXGroup;
			children = (
				DFB8747A29DA1DAD005E996D /* Snacktacular.app */,
			);
			name = Products;
			sourceTree = "<group>";
		};
		DFB8747C29DA1DAD005E996D /* Snacktacular */ = {
			isa = PBXGroup;
			children = (
				DFB8748B29DA1DE6005E996D /* Info.plist */,
				DFB8747D29DA1DAD005E996D /* SnacktacularApp.swift */,
				DF313D3029DAAE810055BBEB /* Spot.swift */,
				DF313D3429DAB64A0055BBEB /* SpotViewModel.swift */,
				DFB8747F29DA1DAD005E996D /* LoginView.swift */,
				DF40743B29DA999700700AD9 /* ListView.swift */,
				DF313D3229DAB0140055BBEB /* SpotDetailView.swift */,
				DFB8748129DA1DAF005E996D /* Assets.xcassets */,
				DFB8749529DA21C8005E996D /* GoogleService-Info.plist */,
				DFB8748329DA1DAF005E996D /* Preview Content */,
			);
			path = Snacktacular;
			sourceTree = "<group>";
		};
		DFB8748329DA1DAF005E996D /* Preview Content */ = {
			isa = PBXGroup;
			children = (
				DFB8748429DA1DAF005E996D /* Preview Assets.xcassets */,
			);
			path = "Preview Content";
			sourceTree = "<group>";
		};
/* End PBXGroup section */

/* Begin PBXNativeTarget section */
		DFB8747929DA1DAD005E996D /* Snacktacular */ = {
			isa = PBXNativeTarget;
			buildConfigurationList = DFB8748829DA1DAF005E996D /* Build configuration list for PBXNativeTarget "Snacktacular" */;
			buildPhases = (
				DFB8747629DA1DAD005E996D /* Sources */,
				DFB8747729DA1DAD005E996D /* Frameworks */,
				DFB8747829DA1DAD005E996D /* Resources */,
			);
			buildRules = (
			);
			dependencies = (
			);
			name = Snacktacular;
			packageProductDependencies = (
				DFB8748D29DA1EF1005E996D /* FirebaseAuth */,
				DFB8748F29DA1EF1005E996D /* FirebaseFirestore */,
				DFB8749129DA1EF1005E996D /* FirebaseFirestoreSwift */,
				DFB8749329DA1EF1005E996D /* FirebaseStorage */,
			);
			productName = Snacktacular;
			productReference = DFB8747A29DA1DAD005E996D /* Snacktacular.app */;
			productType = "com.apple.product-type.application";
		};
/* End PBXNativeTarget section */

/* Begin PBXProject section */
		DFB8747229DA1DAD005E996D /* Project object */ = {
			isa = PBXProject;
			attributes = {
				BuildIndependentTargetsInParallel = 1;
				LastSwiftUpdateCheck = 1420;
				LastUpgradeCheck = 1420;
				TargetAttributes = {
					DFB8747929DA1DAD005E996D = {
						CreatedOnToolsVersion = 14.2;
					};
				};
			};
			buildConfigurationList = DFB8747529DA1DAD005E996D /* Build configuration list for PBXProject "Snacktacular" */;
			compatibilityVersion = "Xcode 14.0";
			developmentRegion = en;
			hasScannedForEncodings = 0;
			knownRegions = (
				en,
				Base,
			);
			mainGroup = DFB8747129DA1DAD005E996D;
			packageReferences = (
				DFB8748C29DA1EF1005E996D /* XCRemoteSwiftPackageReference "firebase-ios-sdk" */,
			);
			productRefGroup = DFB8747B29DA1DAD005E996D /* Products */;
			projectDirPath = "";
			projectRoot = "";
			targets = (
				DFB8747929DA1DAD005E996D /* Snacktacular */,
			);
		};
/* End PBXProject section */

/* Begin PBXResourcesBuildPhase section */
		DFB8747829DA1DAD005E996D /* Resources */ = {
			isa = PBXResourcesBuildPhase;
			buildActionMask = 2147483647;
			files = (
				DFB8748529DA1DAF005E996D /* Preview Assets.xcassets in Resources */,
				DFB8748229DA1DAF005E996D /* Assets.xcassets in Resources */,
				DFB8749629DA21C8005E996D /* GoogleService-Info.plist in Resources */,
			);
			runOnlyForDeploymentPostprocessing = 0;
		};
/* End PBXResourcesBuildPhase section */

/* Begin PBXSourcesBuildPhase section */
		DFB8747629DA1DAD005E996D /* Sources */ = {
			isa = PBXSourcesBuildPhase;
			buildActionMask = 2147483647;
			files = (
				DF313D3329DAB0140055BBEB /* SpotDetailView.swift in Sources */,
				DFB8748029DA1DAD005E996D /* LoginView.swift in Sources */,
				DF313D3529DAB64A0055BBEB /* SpotViewModel.swift in Sources */,
				DFB8747E29DA1DAD005E996D /* SnacktacularApp.swift in Sources */,
				DF40743C29DA999700700AD9 /* ListView.swift in Sources */,
				DF313D3129DAAE810055BBEB /* Spot.swift in Sources */,
			);
			runOnlyForDeploymentPostprocessing = 0;
		};
/* End PBXSourcesBuildPhase section */

/* Begin XCBuildConfiguration section */
		DFB8748629DA1DAF005E996D /* Debug */ = {
			isa = XCBuildConfiguration;
			buildSettings = {
				ALWAYS_SEARCH_USER_PATHS = NO;
				CLANG_ANALYZER_NONNULL = YES;
				CLANG_ANALYZER_NUMBER_OBJECT_CONVERSION = YES_AGGRESSIVE;
				CLANG_CXX_LANGUAGE_STANDARD = "gnu++20";
				CLANG_ENABLE_MODULES = YES;
				CLANG_ENABLE_OBJC_ARC = YES;
				CLANG_ENABLE_OBJC_WEAK = YES;
				CLANG_WARN_BLOCK_CAPTURE_AUTORELEASING = YES;
				CLANG_WARN_BOOL_CONVERSION = YES;
				CLANG_WARN_COMMA = YES;
				CLANG_WARN_CONSTANT_CONVERSION = YES;
				CLANG_WARN_DEPRECATED_OBJC_IMPLEMENTATIONS = YES;
				CLANG_WARN_DIRECT_OBJC_ISA_USAGE = YES_ERROR;
				CLANG_WARN_DOCUMENTATION_COMMENTS = YES;
				CLANG_WARN_EMPTY_BODY = YES;
				CLANG_WARN_ENUM_CONVERSION = YES;
				CLANG_WARN_INFINITE_RECURSION = YES;
				CLANG_WARN_INT_CONVERSION = YES;
				CLANG_WARN_NON_LITERAL_NULL_CONVERSION = YES;
				CLANG_WARN_OBJC_IMPLICIT_RETAIN_SELF = YES;
				CLANG_WARN_OBJC_LITERAL_CONVERSION = YES;
				CLANG_WARN_OBJC_ROOT_CLASS = YES_ERROR;
				CLANG_WARN_QUOTED_INCLUDE_IN_FRAMEWORK_HEADER = YES;
				CLANG_WARN_RANGE_LOOP_ANALYSIS = YES;
				CLANG_WARN_STRICT_PROTOTYPES = YES;
				CLANG_WARN_SUSPICIOUS_MOVE = YES;
				CLANG_WARN_UNGUARDED_AVAILABILITY = YES_AGGRESSIVE;
				CLANG_WARN_UNREACHABLE_CODE = YES;
				CLANG_WARN__DUPLICATE_METHOD_MATCH = YES;
				COPY_PHASE_STRIP = NO;
				DEBUG_INFORMATION_FORMAT = dwarf;
				ENABLE_STRICT_OBJC_MSGSEND = YES;
				ENABLE_TESTABILITY = YES;
				GCC_C_LANGUAGE_STANDARD = gnu11;
				GCC_DYNAMIC_NO_PIC = NO;
				GCC_NO_COMMON_BLOCKS = YES;
				GCC_OPTIMIZATION_LEVEL = 0;
				GCC_PREPROCESSOR_DEFINITIONS = (
					"DEBUG=1",
					"$(inherited)",
				);
				GCC_WARN_64_TO_32_BIT_CONVERSION = YES;
				GCC_WARN_ABOUT_RETURN_TYPE = YES_ERROR;
				GCC_WARN_UNDECLARED_SELECTOR = YES;
				GCC_WARN_UNINITIALIZED_AUTOS = YES_AGGRESSIVE;
				GCC_WARN_UNUSED_FUNCTION = YES;
				GCC_WARN_UNUSED_VARIABLE = YES;
				IPHONEOS_DEPLOYMENT_TARGET = 16.2;
				MTL_ENABLE_DEBUG_INFO = INCLUDE_SOURCE;
				MTL_FAST_MATH = YES;
				ONLY_ACTIVE_ARCH = YES;
				SDKROOT = iphoneos;
				SWIFT_ACTIVE_COMPILATION_CONDITIONS = DEBUG;
				SWIFT_OPTIMIZATION_LEVEL = "-Onone";
			};
			name = Debug;
		};
		DFB8748729DA1DAF005E996D /* Release */ = {
			isa = XCBuildConfiguration;
			buildSettings = {
				ALWAYS_SEARCH_USER_PATHS = NO;
				CLANG_ANALYZER_NONNULL = YES;
				CLANG_ANALYZER_NUMBER_OBJECT_CONVERSION = YES_AGGRESSIVE;
				CLANG_CXX_LANGUAGE_STANDARD = "gnu++20";
				CLANG_ENABLE_MODULES = YES;
				CLANG_ENABLE_OBJC_ARC = YES;
				CLANG_ENABLE_OBJC_WEAK = YES;
				CLANG_WARN_BLOCK_CAPTURE_AUTORELEASING = YES;
				CLANG_WARN_BOOL_CONVERSION = YES;
				CLANG_WARN_COMMA = YES;
				CLANG_WARN_CONSTANT_CONVERSION = YES;
				CLANG_WARN_DEPRECATED_OBJC_IMPLEMENTATIONS = YES;
				CLANG_WARN_DIRECT_OBJC_ISA_USAGE = YES_ERROR;
				CLANG_WARN_DOCUMENTATION_COMMENTS = YES;
				CLANG_WARN_EMPTY_BODY = YES;
				CLANG_WARN_ENUM_CONVERSION = YES;
				CLANG_WARN_INFINITE_RECURSION = YES;
				CLANG_WARN_INT_CONVERSION = YES;
				CLANG_WARN_NON_LITERAL_NULL_CONVERSION = YES;
				CLANG_WARN_OBJC_IMPLICIT_RETAIN_SELF = YES;
				CLANG_WARN_OBJC_LITERAL_CONVERSION = YES;
				CLANG_WARN_OBJC_ROOT_CLASS = YES_ERROR;
				CLANG_WARN_QUOTED_INCLUDE_IN_FRAMEWORK_HEADER = YES;
				CLANG_WARN_RANGE_LOOP_ANALYSIS = YES;
				CLANG_WARN_STRICT_PROTOTYPES = YES;
				CLANG_WARN_SUSPICIOUS_MOVE = YES;
				CLANG_WARN_UNGUARDED_AVAILABILITY = YES_AGGRESSIVE;
				CLANG_WARN_UNREACHABLE_CODE = YES;
				CLANG_WARN__DUPLICATE_METHOD_MATCH = YES;
				COPY_PHASE_STRIP = NO;
				DEBUG_INFORMATION_FORMAT = "dwarf-with-dsym";
				ENABLE_NS_ASSERTIONS = NO;
				ENABLE_STRICT_OBJC_MSGSEND = YES;
				GCC_C_LANGUAGE_STANDARD = gnu11;
				GCC_NO_COMMON_BLOCKS = YES;
				GCC_WARN_64_TO_32_BIT_CONVERSION = YES;
				GCC_WARN_ABOUT_RETURN_TYPE = YES_ERROR;
				GCC_WARN_UNDECLARED_SELECTOR = YES;
				GCC_WARN_UNINITIALIZED_AUTOS = YES_AGGRESSIVE;
				GCC_WARN_UNUSED_FUNCTION = YES;
				GCC_WARN_UNUSED_VARIABLE = YES;
				IPHONEOS_DEPLOYMENT_TARGET = 16.2;
				MTL_ENABLE_DEBUG_INFO = NO;
				MTL_FAST_MATH = YES;
				SDKROOT = iphoneos;
				SWIFT_COMPILATION_MODE = wholemodule;
				SWIFT_OPTIMIZATION_LEVEL = "-O";
				VALIDATE_PRODUCT = YES;
			};
			name = Release;
		};
		DFB8748929DA1DAF005E996D /* Debug */ = {
			isa = XCBuildConfiguration;
			buildSettings = {
				ASSETCATALOG_COMPILER_APPICON_NAME = AppIcon;
				ASSETCATALOG_COMPILER_GLOBAL_ACCENT_COLOR_NAME = AccentColor;
				CODE_SIGN_STYLE = Automatic;
				CURRENT_PROJECT_VERSION = 1;
				DEVELOPMENT_ASSET_PATHS = "\"Snacktacular/Preview Content\"";
				DEVELOPMENT_TEAM = CSDME8QJX3;
				ENABLE_PREVIEWS = YES;
				GENERATE_INFOPLIST_FILE = YES;
				INFOPLIST_FILE = Snacktacular/Info.plist;
				INFOPLIST_KEY_UIApplicationSceneManifest_Generation = YES;
				INFOPLIST_KEY_UIApplicationSupportsIndirectInputEvents = YES;
				INFOPLIST_KEY_UISupportedInterfaceOrientations_iPad = "UIInterfaceOrientationPortrait UIInterfaceOrientationPortraitUpsideDown UIInterfaceOrientationLandscapeLeft UIInterfaceOrientationLandscapeRight";
				INFOPLIST_KEY_UISupportedInterfaceOrientations_iPhone = "UIInterfaceOrientationPortrait UIInterfaceOrientationLandscapeLeft UIInterfaceOrientationLandscapeRight";
				LD_RUNPATH_SEARCH_PATHS = (
					"$(inherited)",
					"@executable_path/Frameworks",
				);
				MARKETING_VERSION = 1.0;
				PRODUCT_BUNDLE_IDENTIFIER = com.rothermel1.Snacktacular;
				PRODUCT_NAME = "$(TARGET_NAME)";
				SWIFT_EMIT_LOC_STRINGS = YES;
				SWIFT_VERSION = 5.0;
				TARGETED_DEVICE_FAMILY = "1,2";
			};
			name = Debug;
		};
		DFB8748A29DA1DAF005E996D /* Release */ = {
			isa = XCBuildConfiguration;
			buildSettings = {
				ASSETCATALOG_COMPILER_APPICON_NAME = AppIcon;
				ASSETCATALOG_COMPILER_GLOBAL_ACCENT_COLOR_NAME = AccentColor;
				CODE_SIGN_STYLE = Automatic;
				CURRENT_PROJECT_VERSION = 1;
				DEVELOPMENT_ASSET_PATHS = "\"Snacktacular/Preview Content\"";
				DEVELOPMENT_TEAM = CSDME8QJX3;
				ENABLE_PREVIEWS = YES;
				GENERATE_INFOPLIST_FILE = YES;
				INFOPLIST_FILE = Snacktacular/Info.plist;
				INFOPLIST_KEY_UIApplicationSceneManifest_Generation = YES;
				INFOPLIST_KEY_UIApplicationSupportsIndirectInputEvents = YES;
				INFOPLIST_KEY_UISupportedInterfaceOrientations_iPad = "UIInterfaceOrientationPortrait UIInterfaceOrientationPortraitUpsideDown UIInterfaceOrientationLandscapeLeft UIInterfaceOrientationLandscapeRight";
				INFOPLIST_KEY_UISupportedInterfaceOrientations_iPhone = "UIInterfaceOrientationPortrait UIInterfaceOrientationLandscapeLeft UIInterfaceOrientationLandscapeRight";
				LD_RUNPATH_SEARCH_PATHS = (
					"$(inherited)",
					"@executable_path/Frameworks",
				);
				MARKETING_VERSION = 1.0;
				PRODUCT_BUNDLE_IDENTIFIER = com.rothermel1.Snacktacular;
				PRODUCT_NAME = "$(TARGET_NAME)";
				SWIFT_EMIT_LOC_STRINGS = YES;
				SWIFT_VERSION = 5.0;
				TARGETED_DEVICE_FAMILY = "1,2";
			};
			name = Release;
		};
/* End XCBuildConfiguration section */

/* Begin XCConfigurationList section */
		DFB8747529DA1DAD005E996D /* Build configuration list for PBXProject "Snacktacular" */ = {
			isa = XCConfigurationList;
			buildConfigurations = (
				DFB8748629DA1DAF005E996D /* Debug */,
				DFB8748729DA1DAF005E996D /* Release */,
			);
			defaultConfigurationIsVisible = 0;
			defaultConfigurationName = Release;
		};
		DFB8748829DA1DAF005E996D /* Build configuration list for PBXNativeTarget "Snacktacular" */ = {
			isa = XCConfigurationList;
			buildConfigurations = (
				DFB8748929DA1DAF005E996D /* Debug */,
				DFB8748A29DA1DAF005E996D /* Release */,
			);
			defaultConfigurationIsVisible = 0;
			defaultConfigurationName = Release;
		};
/* End XCConfigurationList section */

/* Begin XCRemoteSwiftPackageReference section */
		DFB8748C29DA1EF1005E996D /* XCRemoteSwiftPackageReference "firebase-ios-sdk" */ = {
			isa = XCRemoteSwiftPackageReference;
			repositoryURL = "https://github.com/firebase/firebase-ios-sdk.git";
			requirement = {
				branch = master;
				kind = branch;
			};
		};
/* End XCRemoteSwiftPackageReference section */

/* Begin XCSwiftPackageProductDependency section */
		DFB8748D29DA1EF1005E996D /* FirebaseAuth */ = {
			isa = XCSwiftPackageProductDependency;
			package = DFB8748C29DA1EF1005E996D /* XCRemoteSwiftPackageReference "firebase-ios-sdk" */;
			productName = FirebaseAuth;
		};
		DFB8748F29DA1EF1005E996D /* FirebaseFirestore */ = {
			isa = XCSwiftPackageProductDependency;
			package = DFB8748C29DA1EF1005E996D /* XCRemoteSwiftPackageReference "firebase-ios-sdk" */;
			productName = FirebaseFirestore;
		};
		DFB8749129DA1EF1005E996D /* FirebaseFirestoreSwift */ = {
			isa = XCSwiftPackageProductDependency;
			package = DFB8748C29DA1EF1005E996D /* XCRemoteSwiftPackageReference "firebase-ios-sdk" */;
			productName = FirebaseFirestoreSwift;
		};
		DFB8749329DA1EF1005E996D /* FirebaseStorage */ = {
			isa = XCSwiftPackageProductDependency;
			package = DFB8748C29DA1EF1005E996D /* XCRemoteSwiftPackageReference "firebase-ios-sdk" */;
			productName = FirebaseStorage;
		};
/* End XCSwiftPackageProductDependency section */
	};
	rootObject = DFB8747229DA1DAD005E996D /* Project object */;
}
